
Microsoft Visual Studio Solution File, Format Version 12.00
# Visual Studio Version 17
VisualStudioVersion = 17.3.32922.545
MinimumVisualStudioVersion = 10.0.40219.1
Project("{FAE04EC0-301F-11D3-BF4B-00C04F79EFBC}") = "Учет отпусков", "Учет отпусков\Учет отпусков.csproj", "{1640298E-076F-4233-A8E4-F88FB5356264}"
EndProject
Global
	GlobalSection(SolutionConfigurationPlatforms) = preSolution
		Debug|Any CPU = Debug|Any CPU
		Release|Any CPU = Release|Any CPU
	EndGlobalSection
	GlobalSection(ProjectConfigurationPlatforms) = postSolution
		{1640298E-076F-4233-A8E4-F88FB5356264}.Debug|Any CPU.ActiveCfg = Debug|Any CPU
		{1640298E-076F-4233-A8E4-F88FB5356264}.Debug|Any CPU.Build.0 = Debug|Any CPU
		{1640298E-076F-4233-A8E4-F88FB5356264}.Release|Any CPU.ActiveCfg = Release|Any CPU
		{1640298E-076F-4233-A8E4-F88FB5356264}.Release|Any CPU.Build.0 = Release|Any CPU
	EndGlobalSection
	GlobalSection(SolutionProperties) = preSolution
		HideSolutionNode = FALSE
	EndGlobalSection
	GlobalSection(ExtensibilityGlobals) = postSolution
		SolutionGuid = {7002A5D4-67D3-4676-B1F0-D78C9EB3DCFE}
	EndGlobalSection
EndGlobal
